
Microsoft Visual Studio Solution File, Format Version 12.00
# Visual Studio Version 16
VisualStudioVersion = 16.0.29009.5
MinimumVisualStudioVersion = 10.0.40219.1
Project("{9A19103F-16F7-4668-BE54-9A1E7A4F7556}") = "FileManagerTest", "Test\FileManagerTest\FileManagerTest.csproj", "{397A5C27-F043-4CD6-9D91-522325158816}"
EndProject
Project("{2150E333-8FDC-42A3-9474-1A3956D46DE8}") = "Test", "Test", "{BF9F0A8C-B0AC-4922-B429-7F2439D6AA88}"
EndProject
Project("{2150E333-8FDC-42A3-9474-1A3956D46DE8}") = "Src", "Src", "{AA8E05AC-9F9A-41BC-8E27-3FE5EC2CB121}"
EndProject
Project("{FAE04EC0-301F-11D3-BF4B-00C04F79EFBC}") = "FileManager.UI.Core.Test", "FileManager.UI.Core.Test\FileManager.UI.Core.Test.csproj", "{CD6808BE-8B3E-48BB-910B-31E645832E78}"
EndProject
Project("{9A19103F-16F7-4668-BE54-9A1E7A4F7556}") = "FileManager.Storage", "Src\FileManager.Storage\FileManager.Storage.csproj", "{ACA43553-C7A2-4E3D-8C54-C3D41735DE0C}"
EndProject
Project("{9A19103F-16F7-4668-BE54-9A1E7A4F7556}") = "FileManager.UI.Core", "Src\FileManager.UI.Core\FileManager.UI.Core.csproj", "{6C249648-960F-43D0-8540-D26EB727D30B}"
EndProject
Project("{9A19103F-16F7-4668-BE54-9A1E7A4F7556}") = "FileManager.Storage.Ftp", "Src\FileManager.Storage.Ftp\FileManager.Storage.Ftp.csproj", "{A9C0D567-052C-4954-AFD6-8C4A490F7C9F}"
EndProject
Project("{9A19103F-16F7-4668-BE54-9A1E7A4F7556}") = "FileManager.Storage.WebDav", "Src\FileManager.Storage.WebDav\FileManager.Storage.WebDav.csproj", "{786EFC1B-B3BF-4426-B9C8-6174199804EC}"
EndProject
Project("{9A19103F-16F7-4668-BE54-9A1E7A4F7556}") = "FileManager.UI.Explorer", "FileManager.UI.Explorer\FileManager.UI.Explorer.csproj", "{BB675A70-CF05-49CA-97AB-075F65BD9521}"
EndProject
Project("{9A19103F-16F7-4668-BE54-9A1E7A4F7556}") = "AspNetCoreDashboard", "..\AspNetCoreDashboard\Src\AspNetCoreDashboard\AspNetCoreDashboard.csproj", "{080F8D4D-F864-47DE-8198-2DFCB38B1C53}"
EndProject
Project("{FAE04EC0-301F-11D3-BF4B-00C04F79EFBC}") = "FileManager.Storage.Compress", "Src\FileManager.Storage.Compress\FileManager.Storage.Compress.csproj", "{DC4F2B11-2993-4A11-96D3-304CCC37A279}"
EndProject
Global
	GlobalSection(SolutionConfigurationPlatforms) = preSolution
		Debug|Any CPU = Debug|Any CPU
		Release|Any CPU = Release|Any CPU
	EndGlobalSection
	GlobalSection(ProjectConfigurationPlatforms) = postSolution
		{397A5C27-F043-4CD6-9D91-522325158816}.Debug|Any CPU.ActiveCfg = Debug|Any CPU
		{397A5C27-F043-4CD6-9D91-522325158816}.Debug|Any CPU.Build.0 = Debug|Any CPU
		{397A5C27-F043-4CD6-9D91-522325158816}.Release|Any CPU.ActiveCfg = Release|Any CPU
		{397A5C27-F043-4CD6-9D91-522325158816}.Release|Any CPU.Build.0 = Release|Any CPU
		{CD6808BE-8B3E-48BB-910B-31E645832E78}.Debug|Any CPU.ActiveCfg = Debug|Any CPU
		{CD6808BE-8B3E-48BB-910B-31E645832E78}.Debug|Any CPU.Build.0 = Debug|Any CPU
		{CD6808BE-8B3E-48BB-910B-31E645832E78}.Release|Any CPU.ActiveCfg = Release|Any CPU
		{CD6808BE-8B3E-48BB-910B-31E645832E78}.Release|Any CPU.Build.0 = Release|Any CPU
		{ACA43553-C7A2-4E3D-8C54-C3D41735DE0C}.Debug|Any CPU.ActiveCfg = Debug|Any CPU
		{ACA43553-C7A2-4E3D-8C54-C3D41735DE0C}.Debug|Any CPU.Build.0 = Debug|Any CPU
		{ACA43553-C7A2-4E3D-8C54-C3D41735DE0C}.Release|Any CPU.ActiveCfg = Release|Any CPU
		{ACA43553-C7A2-4E3D-8C54-C3D41735DE0C}.Release|Any CPU.Build.0 = Release|Any CPU
		{6C249648-960F-43D0-8540-D26EB727D30B}.Debug|Any CPU.ActiveCfg = Debug|Any CPU
		{6C249648-960F-43D0-8540-D26EB727D30B}.Debug|Any CPU.Build.0 = Debug|Any CPU
		{6C249648-960F-43D0-8540-D26EB727D30B}.Release|Any CPU.ActiveCfg = Release|Any CPU
		{6C249648-960F-43D0-8540-D26EB727D30B}.Release|Any CPU.Build.0 = Release|Any CPU
		{A9C0D567-052C-4954-AFD6-8C4A490F7C9F}.Debug|Any CPU.ActiveCfg = Debug|Any CPU
		{A9C0D567-052C-4954-AFD6-8C4A490F7C9F}.Debug|Any CPU.Build.0 = Debug|Any CPU
		{A9C0D567-052C-4954-AFD6-8C4A490F7C9F}.Release|Any CPU.ActiveCfg = Release|Any CPU
		{A9C0D567-052C-4954-AFD6-8C4A490F7C9F}.Release|Any CPU.Build.0 = Release|Any CPU
		{786EFC1B-B3BF-4426-B9C8-6174199804EC}.Debug|Any CPU.ActiveCfg = Debug|Any CPU
		{786EFC1B-B3BF-4426-B9C8-6174199804EC}.Debug|Any CPU.Build.0 = Debug|Any CPU
		{786EFC1B-B3BF-4426-B9C8-6174199804EC}.Release|Any CPU.ActiveCfg = Release|Any CPU
		{786EFC1B-B3BF-4426-B9C8-6174199804EC}.Release|Any CPU.Build.0 = Release|Any CPU
		{BB675A70-CF05-49CA-97AB-075F65BD9521}.Debug|Any CPU.ActiveCfg = Debug|Any CPU
		{BB675A70-CF05-49CA-97AB-075F65BD9521}.Debug|Any CPU.Build.0 = Debug|Any CPU
		{BB675A70-CF05-49CA-97AB-075F65BD9521}.Release|Any CPU.ActiveCfg = Release|Any CPU
		{BB675A70-CF05-49CA-97AB-075F65BD9521}.Release|Any CPU.Build.0 = Release|Any CPU
		{080F8D4D-F864-47DE-8198-2DFCB38B1C53}.Debug|Any CPU.ActiveCfg = Debug|Any CPU
		{080F8D4D-F864-47DE-8198-2DFCB38B1C53}.Debug|Any CPU.Build.0 = Debug|Any CPU
		{080F8D4D-F864-47DE-8198-2DFCB38B1C53}.Release|Any CPU.ActiveCfg = Release|Any CPU
		{080F8D4D-F864-47DE-8198-2DFCB38B1C53}.Release|Any CPU.Build.0 = Release|Any CPU
		{DC4F2B11-2993-4A11-96D3-304CCC37A279}.Debug|Any CPU.ActiveCfg = Debug|Any CPU
		{DC4F2B11-2993-4A11-96D3-304CCC37A279}.Debug|Any CPU.Build.0 = Debug|Any CPU
		{DC4F2B11-2993-4A11-96D3-304CCC37A279}.Release|Any CPU.ActiveCfg = Release|Any CPU
		{DC4F2B11-2993-4A11-96D3-304CCC37A279}.Release|Any CPU.Build.0 = Release|Any CPU
	EndGlobalSection
	GlobalSection(SolutionProperties) = preSolution
		HideSolutionNode = FALSE
	EndGlobalSection
	GlobalSection(NestedProjects) = preSolution
		{397A5C27-F043-4CD6-9D91-522325158816} = {BF9F0A8C-B0AC-4922-B429-7F2439D6AA88}
		{CD6808BE-8B3E-48BB-910B-31E645832E78} = {BF9F0A8C-B0AC-4922-B429-7F2439D6AA88}
		{ACA43553-C7A2-4E3D-8C54-C3D41735DE0C} = {AA8E05AC-9F9A-41BC-8E27-3FE5EC2CB121}
		{6C249648-960F-43D0-8540-D26EB727D30B} = {AA8E05AC-9F9A-41BC-8E27-3FE5EC2CB121}
		{A9C0D567-052C-4954-AFD6-8C4A490F7C9F} = {AA8E05AC-9F9A-41BC-8E27-3FE5EC2CB121}
		{786EFC1B-B3BF-4426-B9C8-6174199804EC} = {AA8E05AC-9F9A-41BC-8E27-3FE5EC2CB121}
		{BB675A70-CF05-49CA-97AB-075F65BD9521} = {AA8E05AC-9F9A-41BC-8E27-3FE5EC2CB121}
		{DC4F2B11-2993-4A11-96D3-304CCC37A279} = {AA8E05AC-9F9A-41BC-8E27-3FE5EC2CB121}
	EndGlobalSection
	GlobalSection(ExtensibilityGlobals) = postSolution
		SolutionGuid = {40589E40-FE31-4BA4-9FF3-0EEF3DCFD146}
	EndGlobalSection
EndGlobal
