
Microsoft Visual Studio Solution File, Format Version 12.00
# Visual Studio Version 16
VisualStudioVersion = 16.0.29009.5
MinimumVisualStudioVersion = 10.0.40219.1
Project("{9A19103F-16F7-4668-BE54-9A1E7A4F7556}") = "FileManagerTest", "Test\FileManagerTest\FileManagerTest.csproj", "{397A5C27-F043-4CD6-9D91-522325158816}"
EndProject
Project("{2150E333-8FDC-42A3-9474-1A3956D46DE8}") = "Test", "Test", "{BF9F0A8C-B0AC-4922-B429-7F2439D6AA88}"
EndProject
Project("{2150E333-8FDC-42A3-9474-1A3956D46DE8}") = "Src", "Src", "{AA8E05AC-9F9A-41BC-8E27-3FE5EC2CB121}"
EndProject
Project("{9A19103F-16F7-4668-BE54-9A1E7A4F7556}") = "FileManager.Storage.Ftp", "Src\FileManager.Storage.Ftp\FileManager.Storage.Ftp.csproj", "{A9C0D567-052C-4954-AFD6-8C4A490F7C9F}"
EndProject
Project("{9A19103F-16F7-4668-BE54-9A1E7A4F7556}") = "FileManager.Storage.WebDav", "Src\FileManager.Storage.WebDav\FileManager.Storage.WebDav.csproj", "{786EFC1B-B3BF-4426-B9C8-6174199804EC}"
EndProject
Project("{9A19103F-16F7-4668-BE54-9A1E7A4F7556}") = "FileManager.Storage.Compress", "Src\FileManager.Storage.Compress\FileManager.Storage.Compress.csproj", "{DC4F2B11-2993-4A11-96D3-304CCC37A279}"
EndProject
Project("{9A19103F-16F7-4668-BE54-9A1E7A4F7556}") = "FileManager.UI.Explorer", "Src\FileManager.UI.Explorer\FileManager.UI.Explorer.csproj", "{D6647744-B42F-4BDA-9AC3-BAC3D56D6AC4}"
EndProject
Project("{9A19103F-16F7-4668-BE54-9A1E7A4F7556}") = "FileManager.Core", "Src\FileManager.Core\FileManager.Core.csproj", "{2110A23A-F437-4B76-AD97-30A50E944007}"
EndProject
Project("{9A19103F-16F7-4668-BE54-9A1E7A4F7556}") = "FileManager.Storage.Standard", "Src\FileManager.Storage.Standard\FileManager.Storage.Standard.csproj", "{73C6DB6F-BC80-4BBE-84BD-364B1F7D9DA6}"
EndProject
Project("{9A19103F-16F7-4668-BE54-9A1E7A4F7556}") = "FileManager.UI", "Src\FileManager.UI\FileManager.UI.csproj", "{F9E02AA6-B74F-4B1C-AA6B-F67686C22680}"
EndProject
Project("{9A19103F-16F7-4668-BE54-9A1E7A4F7556}") = "FileManager.UI.RichFilemanager", "Src\FileManager.UI.RichFilemanager\FileManager.UI.RichFilemanager.csproj", "{2DC1F7D5-64DA-418D-9F26-DCD9959FCA6F}"
EndProject
Project("{9A19103F-16F7-4668-BE54-9A1E7A4F7556}") = "FileManagerSdk", "Test\FileManagerSdk\FileManagerSdk.csproj", "{BF2ADCBF-2DC2-4312-AF7A-4150F9097058}"
EndProject
Project("{9A19103F-16F7-4668-BE54-9A1E7A4F7556}") = "FileManagerSdkTest", "Test\FileManagerSdkTest\FileManagerSdkTest.csproj", "{77AB6D79-020B-4423-934C-CE315CE9797E}"
EndProject
Project("{9A19103F-16F7-4668-BE54-9A1E7A4F7556}") = "FileManagerCore", "Test\FileManagerCore\FileManagerCore.csproj", "{80FBA605-F327-49FF-BD7B-A5366ADBF8D2}"
EndProject
Project("{9A19103F-16F7-4668-BE54-9A1E7A4F7556}") = "FileManager.UI.Core.Test", "Test\FileManager.UI.Core.Test\FileManager.UI.Core.Test.csproj", "{A72B7E8C-CD71-4ACC-AC8E-3B22C7DB15E1}"
EndProject
Project("{9A19103F-16F7-4668-BE54-9A1E7A4F7556}") = "ConsoleOwinTest", "Test\ConsoleOwinTest\ConsoleOwinTest.csproj", "{B808EEDA-19A3-4131-B938-CB7A020300F8}"
EndProject
Project("{FAE04EC0-301F-11D3-BF4B-00C04F79EFBC}") = "FileManager.UI.WebApi", "Src\FileManager.UI.WebApi\FileManager.UI.WebApi.csproj", "{EBCFEF2C-7993-4656-8C34-EFA18C24F6DC}"
EndProject
Global
	GlobalSection(SolutionConfigurationPlatforms) = preSolution
		Debug|Any CPU = Debug|Any CPU
		Release|Any CPU = Release|Any CPU
	EndGlobalSection
	GlobalSection(ProjectConfigurationPlatforms) = postSolution
		{397A5C27-F043-4CD6-9D91-522325158816}.Debug|Any CPU.ActiveCfg = Debug|Any CPU
		{397A5C27-F043-4CD6-9D91-522325158816}.Debug|Any CPU.Build.0 = Debug|Any CPU
		{397A5C27-F043-4CD6-9D91-522325158816}.Release|Any CPU.ActiveCfg = Release|Any CPU
		{397A5C27-F043-4CD6-9D91-522325158816}.Release|Any CPU.Build.0 = Release|Any CPU
		{A9C0D567-052C-4954-AFD6-8C4A490F7C9F}.Debug|Any CPU.ActiveCfg = Debug|Any CPU
		{A9C0D567-052C-4954-AFD6-8C4A490F7C9F}.Debug|Any CPU.Build.0 = Debug|Any CPU
		{A9C0D567-052C-4954-AFD6-8C4A490F7C9F}.Release|Any CPU.ActiveCfg = Release|Any CPU
		{A9C0D567-052C-4954-AFD6-8C4A490F7C9F}.Release|Any CPU.Build.0 = Release|Any CPU
		{786EFC1B-B3BF-4426-B9C8-6174199804EC}.Debug|Any CPU.ActiveCfg = Debug|Any CPU
		{786EFC1B-B3BF-4426-B9C8-6174199804EC}.Debug|Any CPU.Build.0 = Debug|Any CPU
		{786EFC1B-B3BF-4426-B9C8-6174199804EC}.Release|Any CPU.ActiveCfg = Release|Any CPU
		{786EFC1B-B3BF-4426-B9C8-6174199804EC}.Release|Any CPU.Build.0 = Release|Any CPU
		{DC4F2B11-2993-4A11-96D3-304CCC37A279}.Debug|Any CPU.ActiveCfg = Debug|Any CPU
		{DC4F2B11-2993-4A11-96D3-304CCC37A279}.Debug|Any CPU.Build.0 = Debug|Any CPU
		{DC4F2B11-2993-4A11-96D3-304CCC37A279}.Release|Any CPU.ActiveCfg = Release|Any CPU
		{DC4F2B11-2993-4A11-96D3-304CCC37A279}.Release|Any CPU.Build.0 = Release|Any CPU
		{D6647744-B42F-4BDA-9AC3-BAC3D56D6AC4}.Debug|Any CPU.ActiveCfg = Debug|Any CPU
		{D6647744-B42F-4BDA-9AC3-BAC3D56D6AC4}.Debug|Any CPU.Build.0 = Debug|Any CPU
		{D6647744-B42F-4BDA-9AC3-BAC3D56D6AC4}.Release|Any CPU.ActiveCfg = Release|Any CPU
		{D6647744-B42F-4BDA-9AC3-BAC3D56D6AC4}.Release|Any CPU.Build.0 = Release|Any CPU
		{2110A23A-F437-4B76-AD97-30A50E944007}.Debug|Any CPU.ActiveCfg = Debug|Any CPU
		{2110A23A-F437-4B76-AD97-30A50E944007}.Debug|Any CPU.Build.0 = Debug|Any CPU
		{2110A23A-F437-4B76-AD97-30A50E944007}.Release|Any CPU.ActiveCfg = Release|Any CPU
		{2110A23A-F437-4B76-AD97-30A50E944007}.Release|Any CPU.Build.0 = Release|Any CPU
		{73C6DB6F-BC80-4BBE-84BD-364B1F7D9DA6}.Debug|Any CPU.ActiveCfg = Debug|Any CPU
		{73C6DB6F-BC80-4BBE-84BD-364B1F7D9DA6}.Debug|Any CPU.Build.0 = Debug|Any CPU
		{73C6DB6F-BC80-4BBE-84BD-364B1F7D9DA6}.Release|Any CPU.ActiveCfg = Release|Any CPU
		{73C6DB6F-BC80-4BBE-84BD-364B1F7D9DA6}.Release|Any CPU.Build.0 = Release|Any CPU
		{F9E02AA6-B74F-4B1C-AA6B-F67686C22680}.Debug|Any CPU.ActiveCfg = Debug|Any CPU
		{F9E02AA6-B74F-4B1C-AA6B-F67686C22680}.Debug|Any CPU.Build.0 = Debug|Any CPU
		{F9E02AA6-B74F-4B1C-AA6B-F67686C22680}.Release|Any CPU.ActiveCfg = Release|Any CPU
		{F9E02AA6-B74F-4B1C-AA6B-F67686C22680}.Release|Any CPU.Build.0 = Release|Any CPU
		{2DC1F7D5-64DA-418D-9F26-DCD9959FCA6F}.Debug|Any CPU.ActiveCfg = Debug|Any CPU
		{2DC1F7D5-64DA-418D-9F26-DCD9959FCA6F}.Debug|Any CPU.Build.0 = Debug|Any CPU
		{2DC1F7D5-64DA-418D-9F26-DCD9959FCA6F}.Release|Any CPU.ActiveCfg = Release|Any CPU
		{2DC1F7D5-64DA-418D-9F26-DCD9959FCA6F}.Release|Any CPU.Build.0 = Release|Any CPU
		{BF2ADCBF-2DC2-4312-AF7A-4150F9097058}.Debug|Any CPU.ActiveCfg = Debug|Any CPU
		{BF2ADCBF-2DC2-4312-AF7A-4150F9097058}.Debug|Any CPU.Build.0 = Debug|Any CPU
		{BF2ADCBF-2DC2-4312-AF7A-4150F9097058}.Release|Any CPU.ActiveCfg = Release|Any CPU
		{BF2ADCBF-2DC2-4312-AF7A-4150F9097058}.Release|Any CPU.Build.0 = Release|Any CPU
		{77AB6D79-020B-4423-934C-CE315CE9797E}.Debug|Any CPU.ActiveCfg = Debug|Any CPU
		{77AB6D79-020B-4423-934C-CE315CE9797E}.Debug|Any CPU.Build.0 = Debug|Any CPU
		{77AB6D79-020B-4423-934C-CE315CE9797E}.Release|Any CPU.ActiveCfg = Release|Any CPU
		{77AB6D79-020B-4423-934C-CE315CE9797E}.Release|Any CPU.Build.0 = Release|Any CPU
		{80FBA605-F327-49FF-BD7B-A5366ADBF8D2}.Debug|Any CPU.ActiveCfg = Debug|Any CPU
		{80FBA605-F327-49FF-BD7B-A5366ADBF8D2}.Debug|Any CPU.Build.0 = Debug|Any CPU
		{80FBA605-F327-49FF-BD7B-A5366ADBF8D2}.Release|Any CPU.ActiveCfg = Release|Any CPU
		{80FBA605-F327-49FF-BD7B-A5366ADBF8D2}.Release|Any CPU.Build.0 = Release|Any CPU
		{A72B7E8C-CD71-4ACC-AC8E-3B22C7DB15E1}.Debug|Any CPU.ActiveCfg = Debug|Any CPU
		{A72B7E8C-CD71-4ACC-AC8E-3B22C7DB15E1}.Debug|Any CPU.Build.0 = Debug|Any CPU
		{A72B7E8C-CD71-4ACC-AC8E-3B22C7DB15E1}.Release|Any CPU.ActiveCfg = Release|Any CPU
		{A72B7E8C-CD71-4ACC-AC8E-3B22C7DB15E1}.Release|Any CPU.Build.0 = Release|Any CPU
		{B808EEDA-19A3-4131-B938-CB7A020300F8}.Debug|Any CPU.ActiveCfg = Debug|Any CPU
		{B808EEDA-19A3-4131-B938-CB7A020300F8}.Debug|Any CPU.Build.0 = Debug|Any CPU
		{B808EEDA-19A3-4131-B938-CB7A020300F8}.Release|Any CPU.ActiveCfg = Release|Any CPU
		{B808EEDA-19A3-4131-B938-CB7A020300F8}.Release|Any CPU.Build.0 = Release|Any CPU
		{EBCFEF2C-7993-4656-8C34-EFA18C24F6DC}.Debug|Any CPU.ActiveCfg = Debug|Any CPU
		{EBCFEF2C-7993-4656-8C34-EFA18C24F6DC}.Debug|Any CPU.Build.0 = Debug|Any CPU
		{EBCFEF2C-7993-4656-8C34-EFA18C24F6DC}.Release|Any CPU.ActiveCfg = Release|Any CPU
		{EBCFEF2C-7993-4656-8C34-EFA18C24F6DC}.Release|Any CPU.Build.0 = Release|Any CPU
	EndGlobalSection
	GlobalSection(SolutionProperties) = preSolution
		HideSolutionNode = FALSE
	EndGlobalSection
	GlobalSection(NestedProjects) = preSolution
		{397A5C27-F043-4CD6-9D91-522325158816} = {BF9F0A8C-B0AC-4922-B429-7F2439D6AA88}
		{A9C0D567-052C-4954-AFD6-8C4A490F7C9F} = {AA8E05AC-9F9A-41BC-8E27-3FE5EC2CB121}
		{786EFC1B-B3BF-4426-B9C8-6174199804EC} = {AA8E05AC-9F9A-41BC-8E27-3FE5EC2CB121}
		{DC4F2B11-2993-4A11-96D3-304CCC37A279} = {AA8E05AC-9F9A-41BC-8E27-3FE5EC2CB121}
		{D6647744-B42F-4BDA-9AC3-BAC3D56D6AC4} = {AA8E05AC-9F9A-41BC-8E27-3FE5EC2CB121}
		{2110A23A-F437-4B76-AD97-30A50E944007} = {AA8E05AC-9F9A-41BC-8E27-3FE5EC2CB121}
		{73C6DB6F-BC80-4BBE-84BD-364B1F7D9DA6} = {AA8E05AC-9F9A-41BC-8E27-3FE5EC2CB121}
		{F9E02AA6-B74F-4B1C-AA6B-F67686C22680} = {AA8E05AC-9F9A-41BC-8E27-3FE5EC2CB121}
		{2DC1F7D5-64DA-418D-9F26-DCD9959FCA6F} = {AA8E05AC-9F9A-41BC-8E27-3FE5EC2CB121}
		{BF2ADCBF-2DC2-4312-AF7A-4150F9097058} = {BF9F0A8C-B0AC-4922-B429-7F2439D6AA88}
		{77AB6D79-020B-4423-934C-CE315CE9797E} = {BF9F0A8C-B0AC-4922-B429-7F2439D6AA88}
		{80FBA605-F327-49FF-BD7B-A5366ADBF8D2} = {BF9F0A8C-B0AC-4922-B429-7F2439D6AA88}
		{A72B7E8C-CD71-4ACC-AC8E-3B22C7DB15E1} = {BF9F0A8C-B0AC-4922-B429-7F2439D6AA88}
		{B808EEDA-19A3-4131-B938-CB7A020300F8} = {BF9F0A8C-B0AC-4922-B429-7F2439D6AA88}
		{EBCFEF2C-7993-4656-8C34-EFA18C24F6DC} = {AA8E05AC-9F9A-41BC-8E27-3FE5EC2CB121}
	EndGlobalSection
	GlobalSection(ExtensibilityGlobals) = postSolution
		SolutionGuid = {40589E40-FE31-4BA4-9FF3-0EEF3DCFD146}
	EndGlobalSection
EndGlobal
